
Microsoft Visual Studio Solution File, Format Version 12.00
# Visual Studio 2012
Project("{8BC9CEB8-8B4A-11D0-8D11-00A0C91BC942}") = "CH2_TEST1", "CH2_TEST1\CH2_TEST1.vcxproj", "{8B1CF977-FBD4-4124-A48D-09A306FBD54B}"
EndProject
Global
	GlobalSection(SolutionConfigurationPlatforms) = preSolution
		Debug|Win32 = Debug|Win32
		Release|Win32 = Release|Win32
	EndGlobalSection
	GlobalSection(ProjectConfigurationPlatforms) = postSolution
		{8B1CF977-FBD4-4124-A48D-09A306FBD54B}.Debug|Win32.ActiveCfg = Debug|Win32
		{8B1CF977-FBD4-4124-A48D-09A306FBD54B}.Debug|Win32.Build.0 = Debug|Win32
		{8B1CF977-FBD4-4124-A48D-09A306FBD54B}.Release|Win32.ActiveCfg = Release|Win32
		{8B1CF977-FBD4-4124-A48D-09A306FBD54B}.Release|Win32.Build.0 = Release|Win32
	EndGlobalSection
	GlobalSection(SolutionProperties) = preSolution
		HideSolutionNode = FALSE
	EndGlobalSection
EndGlobal
